
Microsoft Visual Studio Solution File, Format Version 12.00
# Visual Studio 15
VisualStudioVersion = 15.0.28307.572
MinimumVisualStudioVersion = 10.0.40219.1
Project("{FAE04EC0-301F-11D3-BF4B-00C04F79EFBC}") = "ObjectVisualization", "ObjectVisualization\ObjectVisualization.csproj", "{F72818D3-07E1-4D6E-97F8-D1C37EF6813F}"
EndProject
Project("{FAE04EC0-301F-11D3-BF4B-00C04F79EFBC}") = "ConsoleApp1", "ConsoleApp1\ConsoleApp1.csproj", "{A61D5083-64C4-4452-BDD1-0BB463E9F7A3}"
EndProject
Global
	GlobalSection(SolutionConfigurationPlatforms) = preSolution
		Debug|Any CPU = Debug|Any CPU
		Release|Any CPU = Release|Any CPU
	EndGlobalSection
	GlobalSection(ProjectConfigurationPlatforms) = postSolution
		{F72818D3-07E1-4D6E-97F8-D1C37EF6813F}.Debug|Any CPU.ActiveCfg = Debug|Any CPU
		{F72818D3-07E1-4D6E-97F8-D1C37EF6813F}.Debug|Any CPU.Build.0 = Debug|Any CPU
		{F72818D3-07E1-4D6E-97F8-D1C37EF6813F}.Release|Any CPU.ActiveCfg = Release|Any CPU
		{F72818D3-07E1-4D6E-97F8-D1C37EF6813F}.Release|Any CPU.Build.0 = Release|Any CPU
		{A61D5083-64C4-4452-BDD1-0BB463E9F7A3}.Debug|Any CPU.ActiveCfg = Debug|Any CPU
		{A61D5083-64C4-4452-BDD1-0BB463E9F7A3}.Debug|Any CPU.Build.0 = Debug|Any CPU
		{A61D5083-64C4-4452-BDD1-0BB463E9F7A3}.Release|Any CPU.ActiveCfg = Release|Any CPU
		{A61D5083-64C4-4452-BDD1-0BB463E9F7A3}.Release|Any CPU.Build.0 = Release|Any CPU
	EndGlobalSection
	GlobalSection(SolutionProperties) = preSolution
		HideSolutionNode = FALSE
	EndGlobalSection
	GlobalSection(ExtensibilityGlobals) = postSolution
		SolutionGuid = {018E3DB4-AB85-413C-8C43-A7ADAD9C7740}
	EndGlobalSection
EndGlobal
